
Microsoft Visual Studio Solution File, Format Version 12.00
# Visual Studio 2012
Project("{FAE04EC0-301F-11D3-BF4B-00C04F79EFBC}") = "IronPython.Wpf", "IronPython.Wpf.csproj", "{6837D708-1F34-4662-875A-7E28D1C082A6}"
EndProject
Global
	GlobalSection(SolutionConfigurationPlatforms) = preSolution
		Debug|Any CPU = Debug|Any CPU
		Release|Any CPU = Release|Any CPU
	EndGlobalSection
	GlobalSection(ProjectConfigurationPlatforms) = postSolution
		{6837D708-1F34-4662-875A-7E28D1C082A6}.Debug|Any CPU.ActiveCfg = Debug|Any CPU
		{6837D708-1F34-4662-875A-7E28D1C082A6}.Debug|Any CPU.Build.0 = Debug|Any CPU
		{6837D708-1F34-4662-875A-7E28D1C082A6}.Release|Any CPU.ActiveCfg = Release|Any CPU
		{6837D708-1F34-4662-875A-7E28D1C082A6}.Release|Any CPU.Build.0 = Release|Any CPU
	EndGlobalSection
	GlobalSection(SolutionProperties) = preSolution
		HideSolutionNode = FALSE
	EndGlobalSection
EndGlobal
