
Microsoft Visual Studio Solution File, Format Version 12.00
# Visual Studio Version 17
VisualStudioVersion = 17.0.31903.59
MinimumVisualStudioVersion = 10.0.40219.1
Project("{FAE04EC0-301F-11D3-BF4B-00C04F79EFBC}") = "OpenBullet.Native", "OpenBullet.Native\OpenBullet.Native.csproj", "{7CFDD49A-4C09-4069-A9FE-F0A54948BBA8}"
EndProject
Project("{FAE04EC0-301F-11D3-BF4B-00C04F79EFBC}") = "RuriLib.Discovery", "RuriLib.Discovery\RuriLib.Discovery.csproj", "{E7C3DC37-DBC4-4ABB-AC40-7FF50D232246}"
EndProject
Project("{FAE04EC0-301F-11D3-BF4B-00C04F79EFBC}") = "RuriLib.TestFramework", "RuriLib.TestFramework\RuriLib.TestFramework.csproj", "{F878CD97-DFC9-4010-ADCF-C2797EA1C422}"
EndProject
Project("{FAE04EC0-301F-11D3-BF4B-00C04F79EFBC}") = "RuriLib.ConfigLoader", "RuriLib.ConfigLoader\RuriLib.ConfigLoader.csproj", "{9216A757-9CFE-4E62-80DB-0507BFDEEB1C}"
EndProject
Global
	GlobalSection(SolutionConfigurationPlatforms) = preSolution
		Debug|Any CPU = Debug|Any CPU
		Debug|x64 = Debug|x64
		Debug|x86 = Debug|x86
		Release|Any CPU = Release|Any CPU
		Release|x64 = Release|x64
		Release|x86 = Release|x86
	EndGlobalSection
	GlobalSection(ProjectConfigurationPlatforms) = postSolution
		{7CFDD49A-4C09-4069-A9FE-F0A54948BBA8}.Debug|Any CPU.ActiveCfg = Debug|Any CPU
		{7CFDD49A-4C09-4069-A9FE-F0A54948BBA8}.Debug|Any CPU.Build.0 = Debug|Any CPU
		{7CFDD49A-4C09-4069-A9FE-F0A54948BBA8}.Debug|x64.ActiveCfg = Debug|Any CPU
		{7CFDD49A-4C09-4069-A9FE-F0A54948BBA8}.Debug|x64.Build.0 = Debug|Any CPU
		{7CFDD49A-4C09-4069-A9FE-F0A54948BBA8}.Debug|x86.ActiveCfg = Debug|Any CPU
		{7CFDD49A-4C09-4069-A9FE-F0A54948BBA8}.Debug|x86.Build.0 = Debug|Any CPU
		{7CFDD49A-4C09-4069-A9FE-F0A54948BBA8}.Release|Any CPU.ActiveCfg = Release|Any CPU
		{7CFDD49A-4C09-4069-A9FE-F0A54948BBA8}.Release|Any CPU.Build.0 = Release|Any CPU
		{7CFDD49A-4C09-4069-A9FE-F0A54948BBA8}.Release|x64.ActiveCfg = Release|Any CPU
		{7CFDD49A-4C09-4069-A9FE-F0A54948BBA8}.Release|x64.Build.0 = Release|Any CPU
		{7CFDD49A-4C09-4069-A9FE-F0A54948BBA8}.Release|x86.ActiveCfg = Release|Any CPU
		{7CFDD49A-4C09-4069-A9FE-F0A54948BBA8}.Release|x86.Build.0 = Release|Any CPU
		{E7C3DC37-DBC4-4ABB-AC40-7FF50D232246}.Debug|Any CPU.ActiveCfg = Debug|Any CPU
		{E7C3DC37-DBC4-4ABB-AC40-7FF50D232246}.Debug|Any CPU.Build.0 = Debug|Any CPU
		{E7C3DC37-DBC4-4ABB-AC40-7FF50D232246}.Debug|x64.ActiveCfg = Debug|Any CPU
		{E7C3DC37-DBC4-4ABB-AC40-7FF50D232246}.Debug|x64.Build.0 = Debug|Any CPU
		{E7C3DC37-DBC4-4ABB-AC40-7FF50D232246}.Debug|x86.ActiveCfg = Debug|Any CPU
		{E7C3DC37-DBC4-4ABB-AC40-7FF50D232246}.Debug|x86.Build.0 = Debug|Any CPU
		{E7C3DC37-DBC4-4ABB-AC40-7FF50D232246}.Release|Any CPU.ActiveCfg = Release|Any CPU
		{E7C3DC37-DBC4-4ABB-AC40-7FF50D232246}.Release|Any CPU.Build.0 = Release|Any CPU
		{E7C3DC37-DBC4-4ABB-AC40-7FF50D232246}.Release|x64.ActiveCfg = Release|Any CPU
		{E7C3DC37-DBC4-4ABB-AC40-7FF50D232246}.Release|x64.Build.0 = Release|Any CPU
		{E7C3DC37-DBC4-4ABB-AC40-7FF50D232246}.Release|x86.ActiveCfg = Release|Any CPU
		{E7C3DC37-DBC4-4ABB-AC40-7FF50D232246}.Release|x86.Build.0 = Release|Any CPU
		{F878CD97-DFC9-4010-ADCF-C2797EA1C422}.Debug|Any CPU.ActiveCfg = Debug|Any CPU
		{F878CD97-DFC9-4010-ADCF-C2797EA1C422}.Debug|Any CPU.Build.0 = Debug|Any CPU
		{F878CD97-DFC9-4010-ADCF-C2797EA1C422}.Debug|x64.ActiveCfg = Debug|Any CPU
		{F878CD97-DFC9-4010-ADCF-C2797EA1C422}.Debug|x64.Build.0 = Debug|Any CPU
		{F878CD97-DFC9-4010-ADCF-C2797EA1C422}.Debug|x86.ActiveCfg = Debug|Any CPU
		{F878CD97-DFC9-4010-ADCF-C2797EA1C422}.Debug|x86.Build.0 = Debug|Any CPU
		{F878CD97-DFC9-4010-ADCF-C2797EA1C422}.Release|Any CPU.ActiveCfg = Release|Any CPU
		{F878CD97-DFC9-4010-ADCF-C2797EA1C422}.Release|Any CPU.Build.0 = Release|Any CPU
		{F878CD97-DFC9-4010-ADCF-C2797EA1C422}.Release|x64.ActiveCfg = Release|Any CPU
		{F878CD97-DFC9-4010-ADCF-C2797EA1C422}.Release|x64.Build.0 = Release|Any CPU
		{F878CD97-DFC9-4010-ADCF-C2797EA1C422}.Release|x86.ActiveCfg = Release|Any CPU
		{F878CD97-DFC9-4010-ADCF-C2797EA1C422}.Release|x86.Build.0 = Release|Any CPU
		{9216A757-9CFE-4E62-80DB-0507BFDEEB1C}.Debug|Any CPU.ActiveCfg = Debug|Any CPU
		{9216A757-9CFE-4E62-80DB-0507BFDEEB1C}.Debug|Any CPU.Build.0 = Debug|Any CPU
		{9216A757-9CFE-4E62-80DB-0507BFDEEB1C}.Debug|x64.ActiveCfg = Debug|Any CPU
		{9216A757-9CFE-4E62-80DB-0507BFDEEB1C}.Debug|x64.Build.0 = Debug|Any CPU
		{9216A757-9CFE-4E62-80DB-0507BFDEEB1C}.Debug|x86.ActiveCfg = Debug|Any CPU
		{9216A757-9CFE-4E62-80DB-0507BFDEEB1C}.Debug|x86.Build.0 = Debug|Any CPU
		{9216A757-9CFE-4E62-80DB-0507BFDEEB1C}.Release|Any CPU.ActiveCfg = Release|Any CPU
		{9216A757-9CFE-4E62-80DB-0507BFDEEB1C}.Release|Any CPU.Build.0 = Release|Any CPU
		{9216A757-9CFE-4E62-80DB-0507BFDEEB1C}.Release|x64.ActiveCfg = Release|Any CPU
		{9216A757-9CFE-4E62-80DB-0507BFDEEB1C}.Release|x64.Build.0 = Release|Any CPU
		{9216A757-9CFE-4E62-80DB-0507BFDEEB1C}.Release|x86.ActiveCfg = Release|Any CPU
		{9216A757-9CFE-4E62-80DB-0507BFDEEB1C}.Release|x86.Build.0 = Release|Any CPU
	EndGlobalSection
	GlobalSection(SolutionProperties) = preSolution
		HideSolutionNode = FALSE
	EndGlobalSection
EndGlobal
