
Microsoft Visual Studio Solution File, Format Version 11.00
# Visual Studio 2010
Project("{FAE04EC0-301F-11D3-BF4B-00C04F79EFBC}") = "System.Security.Cryptography.X509Certificates", "System.Security.Cryptography.X509Certificates.csproj", "{BCC1C7FA-1BEE-44D5-90E8-C1FBD3AB0E7E}"
EndProject
Global
	GlobalSection(SolutionConfigurationPlatforms) = preSolution
		Debug|Any CPU = Debug|Any CPU
		Release|Any CPU = Release|Any CPU
	EndGlobalSection
	GlobalSection(ProjectConfigurationPlatforms) = postSolution
		{BCC1C7FA-1BEE-44D5-90E8-C1FBD3AB0E7E}.Debug|Any CPU.ActiveCfg = Debug|Any CPU
		{BCC1C7FA-1BEE-44D5-90E8-C1FBD3AB0E7E}.Debug|Any CPU.Build.0 = Debug|Any CPU
		{BCC1C7FA-1BEE-44D5-90E8-C1FBD3AB0E7E}.Release|Any CPU.ActiveCfg = Release|Any CPU
		{BCC1C7FA-1BEE-44D5-90E8-C1FBD3AB0E7E}.Release|Any CPU.Build.0 = Release|Any CPU
	EndGlobalSection
	GlobalSection(SolutionProperties) = preSolution
		HideSolutionNode = FALSE
	EndGlobalSection
EndGlobal
