
Microsoft Visual Studio Solution File, Format Version 11.00
# Visual Studio 2010
Project("{FAE04EC0-301F-11D3-BF4B-00C04F79EFBC}") = "Microsoft.IdentityModel.Tokens", "Microsoft.IdentityModel.Tokens.csproj", "{6110110B-FDFD-4A50-8370-5EFD7D303ECD}"
EndProject
Global
	GlobalSection(SolutionConfigurationPlatforms) = preSolution
		Debug|Any CPU = Debug|Any CPU
		Release|Any CPU = Release|Any CPU
	EndGlobalSection
	GlobalSection(ProjectConfigurationPlatforms) = postSolution
		{6110110B-FDFD-4A50-8370-5EFD7D303ECD}.Debug|Any CPU.ActiveCfg = Debug|Any CPU
		{6110110B-FDFD-4A50-8370-5EFD7D303ECD}.Debug|Any CPU.Build.0 = Debug|Any CPU
		{6110110B-FDFD-4A50-8370-5EFD7D303ECD}.Release|Any CPU.ActiveCfg = Release|Any CPU
		{6110110B-FDFD-4A50-8370-5EFD7D303ECD}.Release|Any CPU.Build.0 = Release|Any CPU
	EndGlobalSection
	GlobalSection(SolutionProperties) = preSolution
		HideSolutionNode = FALSE
	EndGlobalSection
EndGlobal
