
Microsoft Visual Studio Solution File, Format Version 12.00
# Visual Studio 2012
Project("{FAE04EC0-301F-11D3-BF4B-00C04F79EFBC}") = "Microsoft.Scripting.Metadata", "Microsoft.Scripting.Metadata.csproj", "{43F487BB-B1BD-47A7-A44F-7A68F2266885}"
EndProject
Global
	GlobalSection(SolutionConfigurationPlatforms) = preSolution
		Debug|Any CPU = Debug|Any CPU
		Release|Any CPU = Release|Any CPU
	EndGlobalSection
	GlobalSection(ProjectConfigurationPlatforms) = postSolution
		{43F487BB-B1BD-47A7-A44F-7A68F2266885}.Debug|Any CPU.ActiveCfg = Debug|Any CPU
		{43F487BB-B1BD-47A7-A44F-7A68F2266885}.Debug|Any CPU.Build.0 = Debug|Any CPU
		{43F487BB-B1BD-47A7-A44F-7A68F2266885}.Release|Any CPU.ActiveCfg = Release|Any CPU
		{43F487BB-B1BD-47A7-A44F-7A68F2266885}.Release|Any CPU.Build.0 = Release|Any CPU
	EndGlobalSection
	GlobalSection(SolutionProperties) = preSolution
		HideSolutionNode = FALSE
	EndGlobalSection
EndGlobal
